{
  "version": 4,
  "terraform_version": "1.2.3",
  "serial": 26,
  "lineage": "2405c090-8d0b-cbdf-db5a-647b5d2d2959",
  "outputs": {
    "bucket": {
      "value": "aws-proton-terraform-bucket-027500179340",
      "type": "string"
    },
    "role": {
      "value": "arn:aws:iam::027500179340:role/ExampleGithubRole",
      "type": "string"
    }
  },
  "resources": [
    {
      "mode": "data",
      "type": "aws_caller_identity",
      "name": "current",
      "provider": "provider[\"registry.terraform.io/hashicorp/aws\"]",
      "instances": [
        {
          "schema_version": 0,
          "attributes": {
            "account_id": "027500179340",
            "arn": "arn:aws:sts::027500179340:assumed-role/eks-blueprints-for-terraform-workshop-admin/i-010aab8cccaf907c7",
            "id": "027500179340",
            "user_id": "AROAQMZZDN6GIXUVGOP6K:i-010aab8cccaf907c7"
          },
          "sensitive_attributes": []
        }
      ]
    },
    {
      "mode": "data",
      "type": "aws_iam_policy_document",
      "name": "github_actions_assume_role",
      "provider": "provider[\"registry.terraform.io/hashicorp/aws\"]",
      "instances": [
        {
          "schema_version": 0,
          "attributes": {
            "id": "2857215066",
            "json": "{\n  \"Version\": \"2012-10-17\",\n  \"Statement\": [\n    {\n      \"Sid\": \"\",\n      \"Effect\": \"Allow\",\n      \"Action\": \"sts:AssumeRoleWithWebIdentity\",\n      \"Principal\": {\n        \"Federated\": \"arn:aws:iam::027500179340:oidc-provider/token.actions.githubusercontent.com\"\n      },\n      \"Condition\": {\n        \"StringLike\": {\n          \"token.actions.githubusercontent.com:sub\": \"repo:flask-mario/eks-blueprints-for-proton:*\"\n        }\n      }\n    }\n  ]\n}",
            "override_json": null,
            "override_policy_documents": null,
            "policy_id": null,
            "source_json": null,
            "source_policy_documents": null,
            "statement": [
              {
                "actions": [
                  "sts:AssumeRoleWithWebIdentity"
                ],
                "condition": [
                  {
                    "test": "StringLike",
                    "values": [
                      "repo:flask-mario/eks-blueprints-for-proton:*"
                    ],
                    "variable": "token.actions.githubusercontent.com:sub"
                  }
                ],
                "effect": "Allow",
                "not_actions": [],
                "not_principals": [],
                "not_resources": [],
                "principals": [
                  {
                    "identifiers": [
                      "arn:aws:iam::027500179340:oidc-provider/token.actions.githubusercontent.com"
                    ],
                    "type": "Federated"
                  }
                ],
                "resources": [],
                "sid": ""
              }
            ],
            "version": "2012-10-17"
          },
          "sensitive_attributes": []
        }
      ]
    },
    {
      "mode": "data",
      "type": "tls_certificate",
      "name": "github_actions_oidc_provider",
      "provider": "provider[\"registry.terraform.io/hashicorp/tls\"]",
      "instances": [
        {
          "schema_version": 0,
          "attributes": {
            "certificates": [
              {
                "cert_pem": "-----BEGIN CERTIFICATE-----\nMIIE6jCCA9KgAwIBAgIQCjUI1VwpKwF9+K1lwA/35DANBgkqhkiG9w0BAQsFADBh\nMQswCQYDVQQGEwJVUzEVMBMGA1UEChMMRGlnaUNlcnQgSW5jMRkwFwYDVQQLExB3\nd3cuZGlnaWNlcnQuY29tMSAwHgYDVQQDExdEaWdpQ2VydCBHbG9iYWwgUm9vdCBD\nQTAeFw0yMDA5MjQwMDAwMDBaFw0zMDA5MjMyMzU5NTlaME8xCzAJBgNVBAYTAlVT\nMRUwEwYDVQQKEwxEaWdpQ2VydCBJbmMxKTAnBgNVBAMTIERpZ2lDZXJ0IFRMUyBS\nU0EgU0hBMjU2IDIwMjAgQ0ExMIIBIjANBgkqhkiG9w0BAQEFAAOCAQ8AMIIBCgKC\nAQEAwUuzZUdwvN1PWNvsnO3DZuUfMRNUrUpmRh8sCuxkB+Uu3Ny5CiDt3+PE0J6a\nqXodgojlEVbbHp9YwlHnLDQNLtKS4VbL8Xlfs7uHyiUDe5pSQWYQYE9XE0nw6Ddn\ng9/n00tnTCJRpt8OmRDtV1F0JuJ9x8piLhMbfyOIJVNvwTRYAIuE//i+p1hJInuW\nraKImxW8oHzf6VGo1bDtN+I2tIJLYrVJmuzHZ9bjPvXj1hJeRPG/cUJ9WIQDgLGB\nAfr5yjK7tI4nhyfFK3TUqNaX3sNk+crOU6JWvHgXjkkDKa77SU+kFbnO8lwZV21r\neacroicgE7XQPUDTITAHk+qZ9QIDAQABo4IBrjCCAaowHQYDVR0OBBYEFLdrouqo\nqoSMeeq02g+YssWVdrn0MB8GA1UdIwQYMBaAFAPeUDVW0Uy7ZvCj4hsbw5eyPdFV\nMA4GA1UdDwEB/wQEAwIBhjAdBgNVHSUEFjAUBggrBgEFBQcDAQYIKwYBBQUHAwIw\nEgYDVR0TAQH/BAgwBgEB/wIBADB2BggrBgEFBQcBAQRqMGgwJAYIKwYBBQUHMAGG\nGGh0dHA6Ly9vY3NwLmRpZ2ljZXJ0LmNvbTBABggrBgEFBQcwAoY0aHR0cDovL2Nh\nY2VydHMuZGlnaWNlcnQuY29tL0RpZ2lDZXJ0R2xvYmFsUm9vdENBLmNydDB7BgNV\nHR8EdDByMDegNaAzhjFodHRwOi8vY3JsMy5kaWdpY2VydC5jb20vRGlnaUNlcnRH\nbG9iYWxSb290Q0EuY3JsMDegNaAzhjFodHRwOi8vY3JsNC5kaWdpY2VydC5jb20v\nRGlnaUNlcnRHbG9iYWxSb290Q0EuY3JsMDAGA1UdIAQpMCcwBwYFZ4EMAQEwCAYG\nZ4EMAQIBMAgGBmeBDAECAjAIBgZngQwBAgMwDQYJKoZIhvcNAQELBQADggEBAHer\nt3onPa679n/gWlbJhKrKW3EX3SJH/E6f7tDBpATho+vFScH90cnfjK+URSxGKqNj\nOSD5nkoklEHIqdninFQFBstcHL4AGw+oWv8Zu2XHFq8hVt1hBcnpj5h232sb0HIM\nULkwKXq/YFkQZhM6LawVEWwtIwwCPgU7/uWhnOKK24fXSuhe50gG66sSmvKvhMNb\ng0qZgYOrAKHKCjxMoiWJKiKnpPMzTFuMLhoClw+dj20tlQj7T9rxkTgl4ZxuYRiH\nas6xuwAwapu3r9rxxZf+ingkquqTgLozZXq8oXfpf2kUCwA/d5KxTVtzhwoT0JzI\n8ks5T1KESaZMkE4f97Q=\n-----END CERTIFICATE-----\n",
                "is_ca": true,
                "issuer": "CN=DigiCert Global Root CA,OU=www.digicert.com,O=DigiCert Inc,C=US",
                "not_after": "2030-09-23T23:59:59Z",
                "not_before": "2020-09-24T00:00:00Z",
                "public_key_algorithm": "RSA",
                "serial_number": "13567650854749339296468135199911180260",
                "sha1_fingerprint": "6938fd4d98bab03faadb97b34396831e3780aea1",
                "signature_algorithm": "SHA256-RSA",
                "subject": "CN=DigiCert TLS RSA SHA256 2020 CA1,O=DigiCert Inc,C=US",
                "version": 3
              },
              {
                "cert_pem": "-----BEGIN CERTIFICATE-----\nMIIG9jCCBd6gAwIBAgIQCFCR4fqbkQJJbzQZsc87qzANBgkqhkiG9w0BAQsFADBP\nMQswCQYDVQQGEwJVUzEVMBMGA1UEChMMRGlnaUNlcnQgSW5jMSkwJwYDVQQDEyBE\naWdpQ2VydCBUTFMgUlNBIFNIQTI1NiAyMDIwIENBMTAeFw0yMjAxMTEwMDAwMDBa\nFw0yMzAxMTEyMzU5NTlaMHsxCzAJBgNVBAYTAlVTMRMwEQYDVQQIEwpDYWxpZm9y\nbmlhMRYwFAYDVQQHEw1TYW4gRnJhbmNpc2NvMRUwEwYDVQQKEwxHaXRIdWIsIElu\nYy4xKDAmBgNVBAMMHyouYWN0aW9ucy5naXRodWJ1c2VyY29udGVudC5jb20wggEi\nMA0GCSqGSIb3DQEBAQUAA4IBDwAwggEKAoIBAQCcHl5GgNgXYUI5Zz085Ar9wSiI\ngdDnOkaXof2u3pcJ1138Tlz6aheVqXfJ8MOAups0LTr9j/dTHAGWKQz0qdyUdYIJ\nFwiOlkmphoP+a4xVJXbdVVN7qvmfV8f0YnG5oGVyx9hDl/30JReVIYPbC8JNSiIW\n2jMYnjqPu41tPclNNroW9K8gJUzT/WE4LRHohOmR1GbC1xQ8YlFS6pFs+Xuznou8\nTzO8PsXRdaDe/7pYZgR/Otv5XLY5siCBraMuxtj1g4Z/Tz8d2Z+sMPIxtHZjxmcu\nLPfIix6cARSpJFgGF7Yh9vgLK9jEkgfuU1Nnshv7S6ylIn5SfHNToQjCRSPJAgMB\nAAGjggOgMIIDnDAfBgNVHSMEGDAWgBS3a6LqqKqEjHnqtNoPmLLFlXa59DAdBgNV\nHQ4EFgQUibMM9Yecb/WbuZDkxiGVR39k0QMwSQYDVR0RBEIwQIIfKi5hY3Rpb25z\nLmdpdGh1YnVzZXJjb250ZW50LmNvbYIdYWN0aW9ucy5naXRodWJ1c2VyY29udGVu\ndC5jb20wDgYDVR0PAQH/BAQDAgWgMB0GA1UdJQQWMBQGCCsGAQUFBwMBBggrBgEF\nBQcDAjCBjwYDVR0fBIGHMIGEMECgPqA8hjpodHRwOi8vY3JsMy5kaWdpY2VydC5j\nb20vRGlnaUNlcnRUTFNSU0FTSEEyNTYyMDIwQ0ExLTQuY3JsMECgPqA8hjpodHRw\nOi8vY3JsNC5kaWdpY2VydC5jb20vRGlnaUNlcnRUTFNSU0FTSEEyNTYyMDIwQ0Ex\nLTQuY3JsMD4GA1UdIAQ3MDUwMwYGZ4EMAQICMCkwJwYIKwYBBQUHAgEWG2h0dHA6\nLy93d3cuZGlnaWNlcnQuY29tL0NQUzB/BggrBgEFBQcBAQRzMHEwJAYIKwYBBQUH\nMAGGGGh0dHA6Ly9vY3NwLmRpZ2ljZXJ0LmNvbTBJBggrBgEFBQcwAoY9aHR0cDov\nL2NhY2VydHMuZGlnaWNlcnQuY29tL0RpZ2lDZXJ0VExTUlNBU0hBMjU2MjAyMENB\nMS0xLmNydDAMBgNVHRMBAf8EAjAAMIIBfQYKKwYBBAHWeQIEAgSCAW0EggFpAWcA\ndQCt9776fP8QyIudPZwePhhqtGcpXc+xDCTKhYY069yCigAAAX5IjyPvAAAEAwBG\nMEQCIDxMGruNl33xLmOdh2UdMxA3aiuIX3vgeXSuXRce6sqBAiApoOxk2sfxfZdw\ncMxXuM0B8bfgGiQ7IlG14wRa7KQioAB3ADXPGRu/sWxXvw+tTG1Cy7u2JyAmUeo/\n4SrvqAPDO9ZMAAABfkiPI8kAAAQDAEgwRgIhAJJmNVWqVfFlQLdX8sbbQ9VmJA5K\n28ldvwLQpnJopgFzAiEAsGYoIzVOBazT96kGYIuJ3k+Zya7PsFtPVyUbOom55PcA\ndQCzc3cH4YRQ+GOG1gWp3BEJSnktsWcMC4fc8AMOeTalmgAAAX5IjyPnAAAEAwBG\nMEQCIE0NMqwPjqYJwxYqrh7CVueH1rWvKYvRj8cvv3fr7Ku5AiBGFfeJ+Nsy3VCW\nTAih+ito29SvJ0TJrDsyHy3PhkmZ6jANBgkqhkiG9w0BAQsFAAOCAQEAih09kwU8\n8j/R3/xDkV/2Td/ZbgzUPrrjnMqL32Kv8zqPb0AnaOZbA9XqMuQimLDPqr7fTtKR\nBRhXStaNT5s7zZm3g9P+Xsxl2XSiuTbR0Y9MOmfgWA0Jv3vw8zq/etdGBrV0stQ/\nJB2GKteYl9hP7eOj0xaNg/ylaCDONG084lqVlugggmsW9RgN3zAESmALahezuzlN\nG5asPhNDCIRyo3mm0hHCV4/Kvoura/bGVkc7Wkk6q/cplN5VCSq9wYk2ugEaxsc1\nYeqXpxQtRVJTF/UtuNpWS+Tp1COx3DiaoTjCmEImSzYarfZ7QIMR9opxJEPAB52h\ns/oLX5ruUXwvIw==\n-----END CERTIFICATE-----\n",
                "is_ca": false,
                "issuer": "CN=DigiCert TLS RSA SHA256 2020 CA1,O=DigiCert Inc,C=US",
                "not_after": "2023-01-11T23:59:59Z",
                "not_before": "2022-01-11T00:00:00Z",
                "public_key_algorithm": "RSA",
                "serial_number": "11052166568250529137901871408801069995",
                "sha1_fingerprint": "15e29108718111e59b3dad31954647e3c344a231",
                "signature_algorithm": "SHA256-RSA",
                "subject": "CN=*.actions.githubusercontent.com,O=GitHub\\, Inc.,L=San Francisco,ST=California,C=US",
                "version": 3
              }
            ],
            "content": null,
            "id": "78e034ef62d5772e508659b0cb179b44b90065cf",
            "url": "https://token.actions.githubusercontent.com/.well-known/openid-configuration",
            "verify_chain": true
          },
          "sensitive_attributes": []
        }
      ]
    },
    {
      "mode": "managed",
      "type": "aws_iam_openid_connect_provider",
      "name": "github",
      "provider": "provider[\"registry.terraform.io/hashicorp/aws\"]",
      "instances": [
        {
          "schema_version": 0,
          "attributes": {
            "arn": "arn:aws:iam::027500179340:oidc-provider/token.actions.githubusercontent.com",
            "client_id_list": [
              "sts.amazonaws.com"
            ],
            "id": "arn:aws:iam::027500179340:oidc-provider/token.actions.githubusercontent.com",
            "tags": {},
            "tags_all": {},
            "thumbprint_list": [
              "6938fd4d98bab03faadb97b34396831e3780aea1"
            ],
            "url": "token.actions.githubusercontent.com"
          },
          "sensitive_attributes": [],
          "private": "bnVsbA==",
          "dependencies": [
            "data.tls_certificate.github_actions_oidc_provider"
          ]
        }
      ]
    },
    {
      "mode": "managed",
      "type": "aws_iam_role",
      "name": "github_actions",
      "provider": "provider[\"registry.terraform.io/hashicorp/aws\"]",
      "instances": [
        {
          "schema_version": 0,
          "attributes": {
            "arn": "arn:aws:iam::027500179340:role/ExampleGithubRole",
            "assume_role_policy": "{\"Version\":\"2012-10-17\",\"Statement\":[{\"Sid\":\"\",\"Effect\":\"Allow\",\"Principal\":{\"Federated\":\"arn:aws:iam::027500179340:oidc-provider/token.actions.githubusercontent.com\"},\"Action\":\"sts:AssumeRoleWithWebIdentity\",\"Condition\":{\"StringLike\":{\"token.actions.githubusercontent.com:sub\":\"repo:flask-mario/eks-blueprints-for-proton:*\"}}}]}",
            "create_date": "2022-07-06T05:15:04Z",
            "description": "",
            "force_detach_policies": false,
            "id": "ExampleGithubRole",
            "inline_policy": [
              {
                "name": "",
                "policy": ""
              }
            ],
            "managed_policy_arns": [
              "arn:aws:iam::aws:policy/AdministratorAccess"
            ],
            "max_session_duration": 3600,
            "name": "ExampleGithubRole",
            "name_prefix": "",
            "path": "/",
            "permissions_boundary": null,
            "tags": {},
            "tags_all": {},
            "unique_id": "AROAQMZZDN6GJMWXYNQUO"
          },
          "sensitive_attributes": [],
          "private": "bnVsbA==",
          "dependencies": [
            "aws_iam_openid_connect_provider.github",
            "data.aws_iam_policy_document.github_actions_assume_role",
            "data.tls_certificate.github_actions_oidc_provider"
          ]
        }
      ]
    },
    {
      "mode": "managed",
      "type": "aws_iam_role_policy_attachment",
      "name": "github_actions",
      "provider": "provider[\"registry.terraform.io/hashicorp/aws\"]",
      "instances": [
        {
          "schema_version": 0,
          "attributes": {
            "id": "ExampleGithubRole-20220706051505383600000001",
            "policy_arn": "arn:aws:iam::aws:policy/AdministratorAccess",
            "role": "ExampleGithubRole"
          },
          "sensitive_attributes": [],
          "private": "bnVsbA==",
          "dependencies": [
            "aws_iam_openid_connect_provider.github",
            "aws_iam_role.github_actions",
            "data.aws_iam_policy_document.github_actions_assume_role",
            "data.tls_certificate.github_actions_oidc_provider"
          ]
        }
      ]
    },
    {
      "mode": "managed",
      "type": "aws_s3_bucket",
      "name": "bucket",
      "provider": "provider[\"registry.terraform.io/hashicorp/aws\"]",
      "instances": [
        {
          "schema_version": 0,
          "attributes": {
            "acceleration_status": "",
            "acl": null,
            "arn": "arn:aws:s3:::aws-proton-terraform-bucket-027500179340",
            "bucket": "aws-proton-terraform-bucket-027500179340",
            "bucket_domain_name": "aws-proton-terraform-bucket-027500179340.s3.amazonaws.com",
            "bucket_prefix": null,
            "bucket_regional_domain_name": "aws-proton-terraform-bucket-027500179340.s3.ap-northeast-2.amazonaws.com",
            "cors_rule": [],
            "force_destroy": false,
            "grant": [
              {
                "id": "ad3a725317c1d96af77b6279b95d2c3cabd96e64ceb4b711703cf037dce4783d",
                "permissions": [
                  "FULL_CONTROL"
                ],
                "type": "CanonicalUser",
                "uri": ""
              }
            ],
            "hosted_zone_id": "Z3W03O7B5YMIYP",
            "id": "aws-proton-terraform-bucket-027500179340",
            "lifecycle_rule": [],
            "logging": [],
            "object_lock_configuration": [],
            "object_lock_enabled": false,
            "policy": "",
            "region": "ap-northeast-2",
            "replication_configuration": [],
            "request_payer": "BucketOwner",
            "server_side_encryption_configuration": [],
            "tags": {},
            "tags_all": {},
            "versioning": [
              {
                "enabled": false,
                "mfa_delete": false
              }
            ],
            "website": [],
            "website_domain": null,
            "website_endpoint": null
          },
          "sensitive_attributes": [],
          "private": "bnVsbA==",
          "dependencies": [
            "data.aws_caller_identity.current"
          ]
        }
      ]
    },
    {
      "mode": "managed",
      "type": "aws_s3_bucket_public_access_block",
      "name": "bucket",
      "provider": "provider[\"registry.terraform.io/hashicorp/aws\"]",
      "instances": [
        {
          "schema_version": 0,
          "attributes": {
            "block_public_acls": true,
            "block_public_policy": true,
            "bucket": "aws-proton-terraform-bucket-027500179340",
            "id": "aws-proton-terraform-bucket-027500179340",
            "ignore_public_acls": true,
            "restrict_public_buckets": true
          },
          "sensitive_attributes": [],
          "private": "bnVsbA==",
          "dependencies": [
            "aws_s3_bucket.bucket",
            "data.aws_caller_identity.current"
          ]
        }
      ]
    }
  ]
}
